
Microsoft Visual Studio Solution File, Format Version 12.00
# Visual Studio Version 17
VisualStudioVersion = 17.6.33829.357
MinimumVisualStudioVersion = 10.0.40219.1
Project("{9A19103F-16F7-4668-BE54-9A1E7A4F7556}") = "sqlapp", "sqlapp.csproj", "{D0750632-8456-4FF9-AE62-2BAD5826B17B}"
EndProject
Global
	GlobalSection(SolutionConfigurationPlatforms) = preSolution
		Debug|Any CPU = Debug|Any CPU
		Release|Any CPU = Release|Any CPU
	EndGlobalSection
	GlobalSection(ProjectConfigurationPlatforms) = postSolution
		{D0750632-8456-4FF9-AE62-2BAD5826B17B}.Debug|Any CPU.ActiveCfg = Debug|Any CPU
		{D0750632-8456-4FF9-AE62-2BAD5826B17B}.Debug|Any CPU.Build.0 = Debug|Any CPU
		{D0750632-8456-4FF9-AE62-2BAD5826B17B}.Release|Any CPU.ActiveCfg = Release|Any CPU
		{D0750632-8456-4FF9-AE62-2BAD5826B17B}.Release|Any CPU.Build.0 = Release|Any CPU
	EndGlobalSection
	GlobalSection(SolutionProperties) = preSolution
		HideSolutionNode = FALSE
	EndGlobalSection
	GlobalSection(ExtensibilityGlobals) = postSolution
		SolutionGuid = {951D61E3-17FF-431C-A26C-B42980BFFCBF}
	EndGlobalSection
EndGlobal
